
Microsoft Visual Studio Solution File, Format Version 12.00
# Visual Studio Version 17
VisualStudioVersion = 17.2.32526.322
MinimumVisualStudioVersion = 10.0.40219.1
Project("{FAE04EC0-301F-11D3-BF4B-00C04F79EFBC}") = "WebAPI", "WebAPI\WebAPI.csproj", "{BF51943F-3B87-4DF6-8865-0B776669DCE2}"
EndProject
Global
	GlobalSection(SolutionConfigurationPlatforms) = preSolution
		Debug|Any CPU = Debug|Any CPU
		Release|Any CPU = Release|Any CPU
	EndGlobalSection
	GlobalSection(ProjectConfigurationPlatforms) = postSolution
		{BF51943F-3B87-4DF6-8865-0B776669DCE2}.Debug|Any CPU.ActiveCfg = Debug|Any CPU
		{BF51943F-3B87-4DF6-8865-0B776669DCE2}.Debug|Any CPU.Build.0 = Debug|Any CPU
		{BF51943F-3B87-4DF6-8865-0B776669DCE2}.Release|Any CPU.ActiveCfg = Release|Any CPU
		{BF51943F-3B87-4DF6-8865-0B776669DCE2}.Release|Any CPU.Build.0 = Release|Any CPU
	EndGlobalSection
	GlobalSection(SolutionProperties) = preSolution
		HideSolutionNode = FALSE
	EndGlobalSection
	GlobalSection(ExtensibilityGlobals) = postSolution
		SolutionGuid = {D6F4A176-79C4-4DDA-8BE8-A8703D44D050}
	EndGlobalSection
EndGlobal
